
Microsoft Visual Studio Solution File, Format Version 12.00
# Visual Studio 15
VisualStudioVersion = 15.0.28307.438
MinimumVisualStudioVersion = 10.0.40219.1
Project("{9A19103F-16F7-4668-BE54-9A1E7A4F7556}") = "StrategyDesignPattern", "ConsoleApp3\StrategyDesignPattern.csproj", "{4931F3ED-132C-4D40-ADD1-2F752EED5D11}"
EndProject
Global
	GlobalSection(SolutionConfigurationPlatforms) = preSolution
		Debug|Any CPU = Debug|Any CPU
		Release|Any CPU = Release|Any CPU
	EndGlobalSection
	GlobalSection(ProjectConfigurationPlatforms) = postSolution
		{4931F3ED-132C-4D40-ADD1-2F752EED5D11}.Debug|Any CPU.ActiveCfg = Debug|Any CPU
		{4931F3ED-132C-4D40-ADD1-2F752EED5D11}.Debug|Any CPU.Build.0 = Debug|Any CPU
		{4931F3ED-132C-4D40-ADD1-2F752EED5D11}.Release|Any CPU.ActiveCfg = Release|Any CPU
		{4931F3ED-132C-4D40-ADD1-2F752EED5D11}.Release|Any CPU.Build.0 = Release|Any CPU
	EndGlobalSection
	GlobalSection(SolutionProperties) = preSolution
		HideSolutionNode = FALSE
	EndGlobalSection
	GlobalSection(ExtensibilityGlobals) = postSolution
		SolutionGuid = {25AC1198-5B3B-4601-82D8-9F7025CF7E45}
	EndGlobalSection
EndGlobal
